
Microsoft Visual Studio Solution File, Format Version 12.00
# Visual Studio Version 17
VisualStudioVersion = 17.6.33829.357
MinimumVisualStudioVersion = 10.0.40219.1
Project("{8BC9CEB8-8B4A-11D0-8D11-00A0C91BC942}") = "Bai002", "Bai002\Bai002.vcxproj", "{82A11C4C-F4C7-495B-BD8C-0CDCF54B9B75}"
EndProject
Project("{8BC9CEB8-8B4A-11D0-8D11-00A0C91BC942}") = "Bai004", "Bai004\Bai004.vcxproj", "{FDB86A83-92D6-463E-B4D5-FAA21ABC78FE}"
EndProject
Project("{8BC9CEB8-8B4A-11D0-8D11-00A0C91BC942}") = "Bai005", "Bai005\Bai005.vcxproj", "{38349FF4-4655-4CA9-AC4E-D8F2E4BF56D2}"
EndProject
Project("{8BC9CEB8-8B4A-11D0-8D11-00A0C91BC942}") = "Bai006", "Bai006\Bai006.vcxproj", "{1EDCA875-655D-47A6-A29B-DFAA3838F20C}"
EndProject
Project("{8BC9CEB8-8B4A-11D0-8D11-00A0C91BC942}") = "Bai007", "Bai007\Bai007.vcxproj", "{73DF6AC1-BB99-4F3F-8A81-6E42917BAA97}"
EndProject
Project("{8BC9CEB8-8B4A-11D0-8D11-00A0C91BC942}") = "Bai008", "Bai008\Bai008.vcxproj", "{52029EB5-4E1C-4300-8DDA-018772613A8C}"
EndProject
Project("{8BC9CEB8-8B4A-11D0-8D11-00A0C91BC942}") = "Bai009", "Bai009\Bai009.vcxproj", "{1F7B4A70-17DF-4394-B3DC-DDC68CFCA207}"
EndProject
Project("{8BC9CEB8-8B4A-11D0-8D11-00A0C91BC942}") = "Bai010", "Bai010\Bai010.vcxproj", "{0698C9E5-9C29-41DE-B5F4-6108CE7CC661}"
EndProject
Project("{8BC9CEB8-8B4A-11D0-8D11-00A0C91BC942}") = "Bai021", "Bai021\Bai021.vcxproj", "{05A480BF-BA23-4B4B-84DD-70821BF87AE7}"
EndProject
Project("{8BC9CEB8-8B4A-11D0-8D11-00A0C91BC942}") = "Bai022", "Bai022\Bai022.vcxproj", "{557C0E16-18A4-46B3-B431-A15E7A1D001E}"
EndProject
Project("{8BC9CEB8-8B4A-11D0-8D11-00A0C91BC942}") = "Bai023", "Bai023\Bai023.vcxproj", "{D977926C-C8B3-414A-964B-50E849591522}"
EndProject
Project("{8BC9CEB8-8B4A-11D0-8D11-00A0C91BC942}") = "Bai024", "Bai024\Bai024.vcxproj", "{0E2E99C8-6793-47F2-B612-1470087D8AA9}"
EndProject
Project("{8BC9CEB8-8B4A-11D0-8D11-00A0C91BC942}") = "Bai025", "Bai025\Bai025.vcxproj", "{1DD053E6-7F93-400C-AF47-4B9FF909EA6A}"
EndProject
Project("{8BC9CEB8-8B4A-11D0-8D11-00A0C91BC942}") = "Bai026", "Bai026\Bai026.vcxproj", "{A3190CBF-D649-4BB8-9D25-EDD8C3C0D489}"
EndProject
Project("{8BC9CEB8-8B4A-11D0-8D11-00A0C91BC942}") = "Bai027", "Bai027\Bai027.vcxproj", "{5560F6DC-AA8B-41C6-9461-7EEC2616BA54}"
EndProject
Project("{8BC9CEB8-8B4A-11D0-8D11-00A0C91BC942}") = "Bai028", "Bai028\Bai028.vcxproj", "{FDF78706-71BC-4264-B9E1-DE8FF294761F}"
EndProject
Project("{8BC9CEB8-8B4A-11D0-8D11-00A0C91BC942}") = "Bai029", "Bai029\Bai029.vcxproj", "{C73FF8AF-3592-40B9-982B-7B05DE02BCCE}"
EndProject
Project("{8BC9CEB8-8B4A-11D0-8D11-00A0C91BC942}") = "Bai030", "Bai030\Bai030.vcxproj", "{512569C0-6616-4ECB-8CC2-88A3D4BE4E95}"
EndProject
Project("{8BC9CEB8-8B4A-11D0-8D11-00A0C91BC942}") = "Bai041", "Bai041\Bai041.vcxproj", "{C5F8BE8B-8B64-42FE-89AC-7C75AEC2FC76}"
EndProject
Project("{8BC9CEB8-8B4A-11D0-8D11-00A0C91BC942}") = "Bai042", "Bai042\Bai042.vcxproj", "{2BAA184B-4D37-48C9-9439-1E9AE59302CA}"
EndProject
Project("{8BC9CEB8-8B4A-11D0-8D11-00A0C91BC942}") = "Bai043", "Bai043\Bai043.vcxproj", "{140DC525-E8A1-4F62-9F2E-B0FD404D61EC}"
EndProject
Project("{8BC9CEB8-8B4A-11D0-8D11-00A0C91BC942}") = "Bai044", "Bai044\Bai044.vcxproj", "{2183BE3E-518C-4E33-851E-3B93C979BBE5}"
EndProject
Project("{8BC9CEB8-8B4A-11D0-8D11-00A0C91BC942}") = "Bai045", "Bai045\Bai045.vcxproj", "{7ADFDA78-3272-4A09-A6A9-8140CB25BA48}"
EndProject
Project("{8BC9CEB8-8B4A-11D0-8D11-00A0C91BC942}") = "Bai047", "Bai047\Bai047.vcxproj", "{913D0BB1-4C0B-4672-8291-46EA3B6B4C3D}"
EndProject
Project("{8BC9CEB8-8B4A-11D0-8D11-00A0C91BC942}") = "Bai046", "Bai046\Bai046.vcxproj", "{6D13BDA5-61BD-404F-AFA7-E0C35F50077D}"
EndProject
Project("{8BC9CEB8-8B4A-11D0-8D11-00A0C91BC942}") = "Bai048", "Bai048\Bai048.vcxproj", "{9E1E25FD-614D-453D-B004-606D66A25A78}"
EndProject
Project("{8BC9CEB8-8B4A-11D0-8D11-00A0C91BC942}") = "Bai049", "Bai049\Bai049.vcxproj", "{7613A60C-4DEA-4A93-AF1B-286A1019F1D4}"
EndProject
Project("{8BC9CEB8-8B4A-11D0-8D11-00A0C91BC942}") = "Bai050", "Bai050\Bai050.vcxproj", "{DDDDCDA0-CA65-4891-A34D-8DA484B97BF9}"
EndProject
Project("{8BC9CEB8-8B4A-11D0-8D11-00A0C91BC942}") = "Bai061", "Bai061\Bai061.vcxproj", "{607C0463-BA39-4EFB-9785-E723B6E75A85}"
EndProject
Project("{8BC9CEB8-8B4A-11D0-8D11-00A0C91BC942}") = "Bai062", "Bai062\Bai062.vcxproj", "{9D8890EB-F17A-44E0-B435-FD779B811648}"
EndProject
Project("{8BC9CEB8-8B4A-11D0-8D11-00A0C91BC942}") = "Bai063", "Bai063\Bai063.vcxproj", "{385683F4-CC0D-439E-84BC-CB81AA686C58}"
EndProject
Project("{8BC9CEB8-8B4A-11D0-8D11-00A0C91BC942}") = "Bai064", "Bai064\Bai064.vcxproj", "{B5FAB833-B6D0-4CA1-8D9A-9F38BB3BE89D}"
EndProject
Project("{8BC9CEB8-8B4A-11D0-8D11-00A0C91BC942}") = "Bai065", "Bai065\Bai065.vcxproj", "{4B6B2032-7DAB-4A02-9415-1219929EC71C}"
EndProject
Project("{8BC9CEB8-8B4A-11D0-8D11-00A0C91BC942}") = "Bai066", "Bai066\Bai066.vcxproj", "{BE942B20-2088-4F4B-941F-D887009B2714}"
EndProject
Project("{8BC9CEB8-8B4A-11D0-8D11-00A0C91BC942}") = "Bai067", "Bai067\Bai067.vcxproj", "{869C3CB7-835E-4C94-A6A6-96A73BA2AF7D}"
EndProject
Project("{8BC9CEB8-8B4A-11D0-8D11-00A0C91BC942}") = "Bai068", "Bai068\Bai068.vcxproj", "{DFCCB8FC-5A95-4E13-80C7-8A84AFC5D162}"
EndProject
Project("{8BC9CEB8-8B4A-11D0-8D11-00A0C91BC942}") = "Bai069", "Bai069\Bai069.vcxproj", "{2ABC0AA6-D1AD-45FD-B21B-C041D59EF9B2}"
EndProject
Project("{8BC9CEB8-8B4A-11D0-8D11-00A0C91BC942}") = "Bai070", "Bai070\Bai070.vcxproj", "{DE5B584E-EE4B-4187-A2BF-1C787140A39A}"
EndProject
Project("{8BC9CEB8-8B4A-11D0-8D11-00A0C91BC942}") = "Bai081", "Bai081\Bai081.vcxproj", "{7497D933-CFBD-439B-A695-21256BDDB993}"
EndProject
Project("{8BC9CEB8-8B4A-11D0-8D11-00A0C91BC942}") = "Bai082", "Bai082\Bai082.vcxproj", "{FD9B22D8-A7F6-49FC-9819-CF84278BF789}"
EndProject
Project("{8BC9CEB8-8B4A-11D0-8D11-00A0C91BC942}") = "Bai083", "Bai083\Bai083.vcxproj", "{0241717C-EBF8-4BD3-9554-5D72C0E63819}"
EndProject
Project("{8BC9CEB8-8B4A-11D0-8D11-00A0C91BC942}") = "Bai084", "Bai084\Bai084.vcxproj", "{8C15E94D-9DAC-492B-BACE-980706367A83}"
EndProject
Project("{8BC9CEB8-8B4A-11D0-8D11-00A0C91BC942}") = "Bai085", "Bai085\Bai085.vcxproj", "{E1E83CC5-2C69-4749-B959-2ECBE5DEA586}"
EndProject
Project("{8BC9CEB8-8B4A-11D0-8D11-00A0C91BC942}") = "Bai086", "Bai086\Bai086.vcxproj", "{46E216F8-5A9D-488A-A78C-A23518CA668E}"
EndProject
Project("{8BC9CEB8-8B4A-11D0-8D11-00A0C91BC942}") = "Bai087", "Bai087\Bai087.vcxproj", "{4AC6DDD5-538E-4795-B048-E893AEC79B82}"
EndProject
Project("{8BC9CEB8-8B4A-11D0-8D11-00A0C91BC942}") = "Bai088", "Bai088\Bai088.vcxproj", "{3D4F91F5-F407-41A7-B86A-400659ECC708}"
EndProject
Project("{8BC9CEB8-8B4A-11D0-8D11-00A0C91BC942}") = "Bai089", "Bai089\Bai089.vcxproj", "{5D10F8EC-E383-46F4-9946-23954FA4E011}"
EndProject
Project("{8BC9CEB8-8B4A-11D0-8D11-00A0C91BC942}") = "Bai090", "Bai090\Bai090.vcxproj", "{F141B2D1-08FE-45B8-8893-F9DEB28A5FDA}"
EndProject
Project("{8BC9CEB8-8B4A-11D0-8D11-00A0C91BC942}") = "Bai101", "Bai101\Bai101.vcxproj", "{9473ECE9-5F77-4D10-BFD4-D7294253B18D}"
EndProject
Project("{8BC9CEB8-8B4A-11D0-8D11-00A0C91BC942}") = "Bai102", "Bai102\Bai102.vcxproj", "{7048A87A-CCCF-4959-90F1-FCB24A09906C}"
EndProject
Project("{8BC9CEB8-8B4A-11D0-8D11-00A0C91BC942}") = "Bai103", "Bai103\Bai103.vcxproj", "{DA68660D-BCAE-42D9-8E07-A62229EBCF28}"
EndProject
Project("{8BC9CEB8-8B4A-11D0-8D11-00A0C91BC942}") = "Bai104", "Bai104\Bai104.vcxproj", "{410C893E-2D55-49FA-BA04-95090F074431}"
EndProject
Project("{8BC9CEB8-8B4A-11D0-8D11-00A0C91BC942}") = "Bai105", "Bai105\Bai105.vcxproj", "{5183A39D-A051-442C-A736-2B1E2A472A29}"
EndProject
Project("{8BC9CEB8-8B4A-11D0-8D11-00A0C91BC942}") = "Bai106", "Bai106\Bai106.vcxproj", "{515E5B2B-05F4-4BDE-9809-9DD31804BD1A}"
EndProject
Project("{8BC9CEB8-8B4A-11D0-8D11-00A0C91BC942}") = "Bai107", "Bai107\Bai107.vcxproj", "{CC82DE17-8F75-470B-8F6F-845DFF80403D}"
EndProject
Project("{8BC9CEB8-8B4A-11D0-8D11-00A0C91BC942}") = "Bai108", "Bai108\Bai108.vcxproj", "{EBB2C423-FAD1-40CF-B065-A3398D97C369}"
EndProject
Project("{8BC9CEB8-8B4A-11D0-8D11-00A0C91BC942}") = "Bai109", "Bai109\Bai109.vcxproj", "{05D678E9-0C98-44CE-8DA5-66707AF2C74B}"
EndProject
Project("{8BC9CEB8-8B4A-11D0-8D11-00A0C91BC942}") = "Bai110", "Bai110\Bai110.vcxproj", "{4E6EB150-8961-4799-8198-9714B71BABE1}"
EndProject
Project("{8BC9CEB8-8B4A-11D0-8D11-00A0C91BC942}") = "Bai121", "Bai121\Bai121.vcxproj", "{021C7E3A-9302-458B-BFC2-559EAE35E6E7}"
EndProject
Project("{8BC9CEB8-8B4A-11D0-8D11-00A0C91BC942}") = "Bai122", "Bai122\Bai122.vcxproj", "{58BBC460-2DA9-4E51-B5E3-71AD839C308D}"
EndProject
Project("{8BC9CEB8-8B4A-11D0-8D11-00A0C91BC942}") = "Bai123", "Bai123\Bai123.vcxproj", "{A40162CA-03F0-401D-8212-1674A1278BBA}"
EndProject
Project("{8BC9CEB8-8B4A-11D0-8D11-00A0C91BC942}") = "Bai124", "Bai124\Bai124.vcxproj", "{6E99AF05-0882-4F62-90C8-6E92A9E37878}"
EndProject
Project("{8BC9CEB8-8B4A-11D0-8D11-00A0C91BC942}") = "Bai125", "Bai125\Bai125.vcxproj", "{EA998D08-0DD6-4352-A503-4F2A26061906}"
EndProject
Project("{8BC9CEB8-8B4A-11D0-8D11-00A0C91BC942}") = "Bai126", "Bai126\Bai126.vcxproj", "{B969F7DA-9DFC-4A02-9BCE-20EC583711B7}"
EndProject
Project("{8BC9CEB8-8B4A-11D0-8D11-00A0C91BC942}") = "Bai127", "Bai127\Bai127.vcxproj", "{5AEDC8BA-EB2C-433A-A823-15F629559AB9}"
EndProject
Project("{8BC9CEB8-8B4A-11D0-8D11-00A0C91BC942}") = "Bai128", "Bai128\Bai128.vcxproj", "{ED9CCC01-3335-4476-B3B8-2CAE2D3289B8}"
EndProject
Project("{8BC9CEB8-8B4A-11D0-8D11-00A0C91BC942}") = "Bai129", "Bai129\Bai129.vcxproj", "{C1A29FBD-2EB7-43F8-A52E-75736DD3D4B0}"
EndProject
Project("{8BC9CEB8-8B4A-11D0-8D11-00A0C91BC942}") = "Bai130", "Bai130\Bai130.vcxproj", "{69185D1E-95DC-44B3-B37E-71F8D78BB3BC}"
EndProject
Project("{8BC9CEB8-8B4A-11D0-8D11-00A0C91BC942}") = "Bai141", "Bai141\Bai141.vcxproj", "{BB164FFA-1813-490F-BA2E-8E584AB2B439}"
EndProject
Project("{8BC9CEB8-8B4A-11D0-8D11-00A0C91BC942}") = "Bai142", "Bai142\Bai142.vcxproj", "{8ACEE112-E257-43E1-B4ED-7F0EA881BBB4}"
EndProject
Project("{8BC9CEB8-8B4A-11D0-8D11-00A0C91BC942}") = "Bai143", "Bai143\Bai143.vcxproj", "{5B258026-384E-45E6-B590-038262425854}"
EndProject
Project("{8BC9CEB8-8B4A-11D0-8D11-00A0C91BC942}") = "Bai144", "Bai144\Bai144.vcxproj", "{EE51B19E-1869-460A-A6C8-A7F14DF5F5F4}"
EndProject
Project("{8BC9CEB8-8B4A-11D0-8D11-00A0C91BC942}") = "Bai145", "Bai145\Bai145.vcxproj", "{409AB65C-8A32-4C1C-BCFB-F7C35097F1DC}"
EndProject
Project("{8BC9CEB8-8B4A-11D0-8D11-00A0C91BC942}") = "Bai146", "Bai146\Bai146.vcxproj", "{0BEB52C1-EC99-46C2-9876-C0E185C2DD24}"
EndProject
Project("{8BC9CEB8-8B4A-11D0-8D11-00A0C91BC942}") = "Bai147", "Bai147\Bai147.vcxproj", "{03078A4B-2282-4DD2-A16E-9CCCC6B19FDE}"
EndProject
Project("{8BC9CEB8-8B4A-11D0-8D11-00A0C91BC942}") = "Bai148", "Bai148\Bai148.vcxproj", "{E40DD6C9-57D0-48A0-B873-C4E77B7A66A7}"
EndProject
Project("{8BC9CEB8-8B4A-11D0-8D11-00A0C91BC942}") = "Bai149", "Bai149\Bai149.vcxproj", "{4517A30A-BB97-49F6-B75B-C4AD15F65AF1}"
EndProject
Project("{8BC9CEB8-8B4A-11D0-8D11-00A0C91BC942}") = "Bai150", "Bai150\Bai150.vcxproj", "{F935AB25-9789-4B6C-8C59-0AD85B10F5F6}"
EndProject
Project("{8BC9CEB8-8B4A-11D0-8D11-00A0C91BC942}") = "Bai001", "Bai 001\Bai 001.vcxproj", "{2F88263C-03E7-4C28-BDDB-483446F4F46D}"
EndProject
Project("{8BC9CEB8-8B4A-11D0-8D11-00A0C91BC942}") = "Bai003", "Bai003\Bai003.vcxproj", "{31C573DA-E8F3-45DB-961C-7F4AD99E65E7}"
EndProject
Global
	GlobalSection(SolutionConfigurationPlatforms) = preSolution
		Debug|x64 = Debug|x64
		Debug|x86 = Debug|x86
		Release|x64 = Release|x64
		Release|x86 = Release|x86
	EndGlobalSection
	GlobalSection(ProjectConfigurationPlatforms) = postSolution
		{82A11C4C-F4C7-495B-BD8C-0CDCF54B9B75}.Debug|x64.ActiveCfg = Debug|x64
		{82A11C4C-F4C7-495B-BD8C-0CDCF54B9B75}.Debug|x64.Build.0 = Debug|x64
		{82A11C4C-F4C7-495B-BD8C-0CDCF54B9B75}.Debug|x86.ActiveCfg = Debug|Win32
		{82A11C4C-F4C7-495B-BD8C-0CDCF54B9B75}.Debug|x86.Build.0 = Debug|Win32
		{82A11C4C-F4C7-495B-BD8C-0CDCF54B9B75}.Release|x64.ActiveCfg = Release|x64
		{82A11C4C-F4C7-495B-BD8C-0CDCF54B9B75}.Release|x64.Build.0 = Release|x64
		{82A11C4C-F4C7-495B-BD8C-0CDCF54B9B75}.Release|x86.ActiveCfg = Release|Win32
		{82A11C4C-F4C7-495B-BD8C-0CDCF54B9B75}.Release|x86.Build.0 = Release|Win32
		{FDB86A83-92D6-463E-B4D5-FAA21ABC78FE}.Debug|x64.ActiveCfg = Debug|x64
		{FDB86A83-92D6-463E-B4D5-FAA21ABC78FE}.Debug|x64.Build.0 = Debug|x64
		{FDB86A83-92D6-463E-B4D5-FAA21ABC78FE}.Debug|x86.ActiveCfg = Debug|Win32
		{FDB86A83-92D6-463E-B4D5-FAA21ABC78FE}.Debug|x86.Build.0 = Debug|Win32
		{FDB86A83-92D6-463E-B4D5-FAA21ABC78FE}.Release|x64.ActiveCfg = Release|x64
		{FDB86A83-92D6-463E-B4D5-FAA21ABC78FE}.Release|x64.Build.0 = Release|x64
		{FDB86A83-92D6-463E-B4D5-FAA21ABC78FE}.Release|x86.ActiveCfg = Release|Win32
		{FDB86A83-92D6-463E-B4D5-FAA21ABC78FE}.Release|x86.Build.0 = Release|Win32
		{38349FF4-4655-4CA9-AC4E-D8F2E4BF56D2}.Debug|x64.ActiveCfg = Debug|x64
		{38349FF4-4655-4CA9-AC4E-D8F2E4BF56D2}.Debug|x64.Build.0 = Debug|x64
		{38349FF4-4655-4CA9-AC4E-D8F2E4BF56D2}.Debug|x86.ActiveCfg = Debug|Win32
		{38349FF4-4655-4CA9-AC4E-D8F2E4BF56D2}.Debug|x86.Build.0 = Debug|Win32
		{38349FF4-4655-4CA9-AC4E-D8F2E4BF56D2}.Release|x64.ActiveCfg = Release|x64
		{38349FF4-4655-4CA9-AC4E-D8F2E4BF56D2}.Release|x64.Build.0 = Release|x64
		{38349FF4-4655-4CA9-AC4E-D8F2E4BF56D2}.Release|x86.ActiveCfg = Release|Win32
		{38349FF4-4655-4CA9-AC4E-D8F2E4BF56D2}.Release|x86.Build.0 = Release|Win32
		{1EDCA875-655D-47A6-A29B-DFAA3838F20C}.Debug|x64.ActiveCfg = Debug|x64
		{1EDCA875-655D-47A6-A29B-DFAA3838F20C}.Debug|x64.Build.0 = Debug|x64
		{1EDCA875-655D-47A6-A29B-DFAA3838F20C}.Debug|x86.ActiveCfg = Debug|Win32
		{1EDCA875-655D-47A6-A29B-DFAA3838F20C}.Debug|x86.Build.0 = Debug|Win32
		{1EDCA875-655D-47A6-A29B-DFAA3838F20C}.Release|x64.ActiveCfg = Release|x64
		{1EDCA875-655D-47A6-A29B-DFAA3838F20C}.Release|x64.Build.0 = Release|x64
		{1EDCA875-655D-47A6-A29B-DFAA3838F20C}.Release|x86.ActiveCfg = Release|Win32
		{1EDCA875-655D-47A6-A29B-DFAA3838F20C}.Release|x86.Build.0 = Release|Win32
		{73DF6AC1-BB99-4F3F-8A81-6E42917BAA97}.Debug|x64.ActiveCfg = Debug|x64
		{73DF6AC1-BB99-4F3F-8A81-6E42917BAA97}.Debug|x64.Build.0 = Debug|x64
		{73DF6AC1-BB99-4F3F-8A81-6E42917BAA97}.Debug|x86.ActiveCfg = Debug|Win32
		{73DF6AC1-BB99-4F3F-8A81-6E42917BAA97}.Debug|x86.Build.0 = Debug|Win32
		{73DF6AC1-BB99-4F3F-8A81-6E42917BAA97}.Release|x64.ActiveCfg = Release|x64
		{73DF6AC1-BB99-4F3F-8A81-6E42917BAA97}.Release|x64.Build.0 = Release|x64
		{73DF6AC1-BB99-4F3F-8A81-6E42917BAA97}.Release|x86.ActiveCfg = Release|Win32
		{73DF6AC1-BB99-4F3F-8A81-6E42917BAA97}.Release|x86.Build.0 = Release|Win32
		{52029EB5-4E1C-4300-8DDA-018772613A8C}.Debug|x64.ActiveCfg = Debug|x64
		{52029EB5-4E1C-4300-8DDA-018772613A8C}.Debug|x64.Build.0 = Debug|x64
		{52029EB5-4E1C-4300-8DDA-018772613A8C}.Debug|x86.ActiveCfg = Debug|Win32
		{52029EB5-4E1C-4300-8DDA-018772613A8C}.Debug|x86.Build.0 = Debug|Win32
		{52029EB5-4E1C-4300-8DDA-018772613A8C}.Release|x64.ActiveCfg = Release|x64
		{52029EB5-4E1C-4300-8DDA-018772613A8C}.Release|x64.Build.0 = Release|x64
		{52029EB5-4E1C-4300-8DDA-018772613A8C}.Release|x86.ActiveCfg = Release|Win32
		{52029EB5-4E1C-4300-8DDA-018772613A8C}.Release|x86.Build.0 = Release|Win32
		{1F7B4A70-17DF-4394-B3DC-DDC68CFCA207}.Debug|x64.ActiveCfg = Debug|x64
		{1F7B4A70-17DF-4394-B3DC-DDC68CFCA207}.Debug|x64.Build.0 = Debug|x64
		{1F7B4A70-17DF-4394-B3DC-DDC68CFCA207}.Debug|x86.ActiveCfg = Debug|Win32
		{1F7B4A70-17DF-4394-B3DC-DDC68CFCA207}.Debug|x86.Build.0 = Debug|Win32
		{1F7B4A70-17DF-4394-B3DC-DDC68CFCA207}.Release|x64.ActiveCfg = Release|x64
		{1F7B4A70-17DF-4394-B3DC-DDC68CFCA207}.Release|x64.Build.0 = Release|x64
		{1F7B4A70-17DF-4394-B3DC-DDC68CFCA207}.Release|x86.ActiveCfg = Release|Win32
		{1F7B4A70-17DF-4394-B3DC-DDC68CFCA207}.Release|x86.Build.0 = Release|Win32
		{0698C9E5-9C29-41DE-B5F4-6108CE7CC661}.Debug|x64.ActiveCfg = Debug|x64
		{0698C9E5-9C29-41DE-B5F4-6108CE7CC661}.Debug|x64.Build.0 = Debug|x64
		{0698C9E5-9C29-41DE-B5F4-6108CE7CC661}.Debug|x86.ActiveCfg = Debug|Win32
		{0698C9E5-9C29-41DE-B5F4-6108CE7CC661}.Debug|x86.Build.0 = Debug|Win32
		{0698C9E5-9C29-41DE-B5F4-6108CE7CC661}.Release|x64.ActiveCfg = Release|x64
		{0698C9E5-9C29-41DE-B5F4-6108CE7CC661}.Release|x64.Build.0 = Release|x64
		{0698C9E5-9C29-41DE-B5F4-6108CE7CC661}.Release|x86.ActiveCfg = Release|Win32
		{0698C9E5-9C29-41DE-B5F4-6108CE7CC661}.Release|x86.Build.0 = Release|Win32
		{05A480BF-BA23-4B4B-84DD-70821BF87AE7}.Debug|x64.ActiveCfg = Debug|x64
		{05A480BF-BA23-4B4B-84DD-70821BF87AE7}.Debug|x64.Build.0 = Debug|x64
		{05A480BF-BA23-4B4B-84DD-70821BF87AE7}.Debug|x86.ActiveCfg = Debug|Win32
		{05A480BF-BA23-4B4B-84DD-70821BF87AE7}.Debug|x86.Build.0 = Debug|Win32
		{05A480BF-BA23-4B4B-84DD-70821BF87AE7}.Release|x64.ActiveCfg = Release|x64
		{05A480BF-BA23-4B4B-84DD-70821BF87AE7}.Release|x64.Build.0 = Release|x64
		{05A480BF-BA23-4B4B-84DD-70821BF87AE7}.Release|x86.ActiveCfg = Release|Win32
		{05A480BF-BA23-4B4B-84DD-70821BF87AE7}.Release|x86.Build.0 = Release|Win32
		{557C0E16-18A4-46B3-B431-A15E7A1D001E}.Debug|x64.ActiveCfg = Debug|x64
		{557C0E16-18A4-46B3-B431-A15E7A1D001E}.Debug|x64.Build.0 = Debug|x64
		{557C0E16-18A4-46B3-B431-A15E7A1D001E}.Debug|x86.ActiveCfg = Debug|Win32
		{557C0E16-18A4-46B3-B431-A15E7A1D001E}.Debug|x86.Build.0 = Debug|Win32
		{557C0E16-18A4-46B3-B431-A15E7A1D001E}.Release|x64.ActiveCfg = Release|x64
		{557C0E16-18A4-46B3-B431-A15E7A1D001E}.Release|x64.Build.0 = Release|x64
		{557C0E16-18A4-46B3-B431-A15E7A1D001E}.Release|x86.ActiveCfg = Release|Win32
		{557C0E16-18A4-46B3-B431-A15E7A1D001E}.Release|x86.Build.0 = Release|Win32
		{D977926C-C8B3-414A-964B-50E849591522}.Debug|x64.ActiveCfg = Debug|x64
		{D977926C-C8B3-414A-964B-50E849591522}.Debug|x64.Build.0 = Debug|x64
		{D977926C-C8B3-414A-964B-50E849591522}.Debug|x86.ActiveCfg = Debug|Win32
		{D977926C-C8B3-414A-964B-50E849591522}.Debug|x86.Build.0 = Debug|Win32
		{D977926C-C8B3-414A-964B-50E849591522}.Release|x64.ActiveCfg = Release|x64
		{D977926C-C8B3-414A-964B-50E849591522}.Release|x64.Build.0 = Release|x64
		{D977926C-C8B3-414A-964B-50E849591522}.Release|x86.ActiveCfg = Release|Win32
		{D977926C-C8B3-414A-964B-50E849591522}.Release|x86.Build.0 = Release|Win32
		{0E2E99C8-6793-47F2-B612-1470087D8AA9}.Debug|x64.ActiveCfg = Debug|x64
		{0E2E99C8-6793-47F2-B612-1470087D8AA9}.Debug|x64.Build.0 = Debug|x64
		{0E2E99C8-6793-47F2-B612-1470087D8AA9}.Debug|x86.ActiveCfg = Debug|Win32
		{0E2E99C8-6793-47F2-B612-1470087D8AA9}.Debug|x86.Build.0 = Debug|Win32
		{0E2E99C8-6793-47F2-B612-1470087D8AA9}.Release|x64.ActiveCfg = Release|x64
		{0E2E99C8-6793-47F2-B612-1470087D8AA9}.Release|x64.Build.0 = Release|x64
		{0E2E99C8-6793-47F2-B612-1470087D8AA9}.Release|x86.ActiveCfg = Release|Win32
		{0E2E99C8-6793-47F2-B612-1470087D8AA9}.Release|x86.Build.0 = Release|Win32
		{1DD053E6-7F93-400C-AF47-4B9FF909EA6A}.Debug|x64.ActiveCfg = Debug|x64
		{1DD053E6-7F93-400C-AF47-4B9FF909EA6A}.Debug|x64.Build.0 = Debug|x64
		{1DD053E6-7F93-400C-AF47-4B9FF909EA6A}.Debug|x86.ActiveCfg = Debug|Win32
		{1DD053E6-7F93-400C-AF47-4B9FF909EA6A}.Debug|x86.Build.0 = Debug|Win32
		{1DD053E6-7F93-400C-AF47-4B9FF909EA6A}.Release|x64.ActiveCfg = Release|x64
		{1DD053E6-7F93-400C-AF47-4B9FF909EA6A}.Release|x64.Build.0 = Release|x64
		{1DD053E6-7F93-400C-AF47-4B9FF909EA6A}.Release|x86.ActiveCfg = Release|Win32
		{1DD053E6-7F93-400C-AF47-4B9FF909EA6A}.Release|x86.Build.0 = Release|Win32
		{A3190CBF-D649-4BB8-9D25-EDD8C3C0D489}.Debug|x64.ActiveCfg = Debug|x64
		{A3190CBF-D649-4BB8-9D25-EDD8C3C0D489}.Debug|x64.Build.0 = Debug|x64
		{A3190CBF-D649-4BB8-9D25-EDD8C3C0D489}.Debug|x86.ActiveCfg = Debug|Win32
		{A3190CBF-D649-4BB8-9D25-EDD8C3C0D489}.Debug|x86.Build.0 = Debug|Win32
		{A3190CBF-D649-4BB8-9D25-EDD8C3C0D489}.Release|x64.ActiveCfg = Release|x64
		{A3190CBF-D649-4BB8-9D25-EDD8C3C0D489}.Release|x64.Build.0 = Release|x64
		{A3190CBF-D649-4BB8-9D25-EDD8C3C0D489}.Release|x86.ActiveCfg = Release|Win32
		{A3190CBF-D649-4BB8-9D25-EDD8C3C0D489}.Release|x86.Build.0 = Release|Win32
		{5560F6DC-AA8B-41C6-9461-7EEC2616BA54}.Debug|x64.ActiveCfg = Debug|x64
		{5560F6DC-AA8B-41C6-9461-7EEC2616BA54}.Debug|x64.Build.0 = Debug|x64
		{5560F6DC-AA8B-41C6-9461-7EEC2616BA54}.Debug|x86.ActiveCfg = Debug|Win32
		{5560F6DC-AA8B-41C6-9461-7EEC2616BA54}.Debug|x86.Build.0 = Debug|Win32
		{5560F6DC-AA8B-41C6-9461-7EEC2616BA54}.Release|x64.ActiveCfg = Release|x64
		{5560F6DC-AA8B-41C6-9461-7EEC2616BA54}.Release|x64.Build.0 = Release|x64
		{5560F6DC-AA8B-41C6-9461-7EEC2616BA54}.Release|x86.ActiveCfg = Release|Win32
		{5560F6DC-AA8B-41C6-9461-7EEC2616BA54}.Release|x86.Build.0 = Release|Win32
		{FDF78706-71BC-4264-B9E1-DE8FF294761F}.Debug|x64.ActiveCfg = Debug|x64
		{FDF78706-71BC-4264-B9E1-DE8FF294761F}.Debug|x64.Build.0 = Debug|x64
		{FDF78706-71BC-4264-B9E1-DE8FF294761F}.Debug|x86.ActiveCfg = Debug|Win32
		{FDF78706-71BC-4264-B9E1-DE8FF294761F}.Debug|x86.Build.0 = Debug|Win32
		{FDF78706-71BC-4264-B9E1-DE8FF294761F}.Release|x64.ActiveCfg = Release|x64
		{FDF78706-71BC-4264-B9E1-DE8FF294761F}.Release|x64.Build.0 = Release|x64
		{FDF78706-71BC-4264-B9E1-DE8FF294761F}.Release|x86.ActiveCfg = Release|Win32
		{FDF78706-71BC-4264-B9E1-DE8FF294761F}.Release|x86.Build.0 = Release|Win32
		{C73FF8AF-3592-40B9-982B-7B05DE02BCCE}.Debug|x64.ActiveCfg = Debug|x64
		{C73FF8AF-3592-40B9-982B-7B05DE02BCCE}.Debug|x64.Build.0 = Debug|x64
		{C73FF8AF-3592-40B9-982B-7B05DE02BCCE}.Debug|x86.ActiveCfg = Debug|Win32
		{C73FF8AF-3592-40B9-982B-7B05DE02BCCE}.Debug|x86.Build.0 = Debug|Win32
		{C73FF8AF-3592-40B9-982B-7B05DE02BCCE}.Release|x64.ActiveCfg = Release|x64
		{C73FF8AF-3592-40B9-982B-7B05DE02BCCE}.Release|x64.Build.0 = Release|x64
		{C73FF8AF-3592-40B9-982B-7B05DE02BCCE}.Release|x86.ActiveCfg = Release|Win32
		{C73FF8AF-3592-40B9-982B-7B05DE02BCCE}.Release|x86.Build.0 = Release|Win32
		{512569C0-6616-4ECB-8CC2-88A3D4BE4E95}.Debug|x64.ActiveCfg = Debug|x64
		{512569C0-6616-4ECB-8CC2-88A3D4BE4E95}.Debug|x64.Build.0 = Debug|x64
		{512569C0-6616-4ECB-8CC2-88A3D4BE4E95}.Debug|x86.ActiveCfg = Debug|Win32
		{512569C0-6616-4ECB-8CC2-88A3D4BE4E95}.Debug|x86.Build.0 = Debug|Win32
		{512569C0-6616-4ECB-8CC2-88A3D4BE4E95}.Release|x64.ActiveCfg = Release|x64
		{512569C0-6616-4ECB-8CC2-88A3D4BE4E95}.Release|x64.Build.0 = Release|x64
		{512569C0-6616-4ECB-8CC2-88A3D4BE4E95}.Release|x86.ActiveCfg = Release|Win32
		{512569C0-6616-4ECB-8CC2-88A3D4BE4E95}.Release|x86.Build.0 = Release|Win32
		{C5F8BE8B-8B64-42FE-89AC-7C75AEC2FC76}.Debug|x64.ActiveCfg = Debug|x64
		{C5F8BE8B-8B64-42FE-89AC-7C75AEC2FC76}.Debug|x64.Build.0 = Debug|x64
		{C5F8BE8B-8B64-42FE-89AC-7C75AEC2FC76}.Debug|x86.ActiveCfg = Debug|Win32
		{C5F8BE8B-8B64-42FE-89AC-7C75AEC2FC76}.Debug|x86.Build.0 = Debug|Win32
		{C5F8BE8B-8B64-42FE-89AC-7C75AEC2FC76}.Release|x64.ActiveCfg = Release|x64
		{C5F8BE8B-8B64-42FE-89AC-7C75AEC2FC76}.Release|x64.Build.0 = Release|x64
		{C5F8BE8B-8B64-42FE-89AC-7C75AEC2FC76}.Release|x86.ActiveCfg = Release|Win32
		{C5F8BE8B-8B64-42FE-89AC-7C75AEC2FC76}.Release|x86.Build.0 = Release|Win32
		{2BAA184B-4D37-48C9-9439-1E9AE59302CA}.Debug|x64.ActiveCfg = Debug|x64
		{2BAA184B-4D37-48C9-9439-1E9AE59302CA}.Debug|x64.Build.0 = Debug|x64
		{2BAA184B-4D37-48C9-9439-1E9AE59302CA}.Debug|x86.ActiveCfg = Debug|Win32
		{2BAA184B-4D37-48C9-9439-1E9AE59302CA}.Debug|x86.Build.0 = Debug|Win32
		{2BAA184B-4D37-48C9-9439-1E9AE59302CA}.Release|x64.ActiveCfg = Release|x64
		{2BAA184B-4D37-48C9-9439-1E9AE59302CA}.Release|x64.Build.0 = Release|x64
		{2BAA184B-4D37-48C9-9439-1E9AE59302CA}.Release|x86.ActiveCfg = Release|Win32
		{2BAA184B-4D37-48C9-9439-1E9AE59302CA}.Release|x86.Build.0 = Release|Win32
		{140DC525-E8A1-4F62-9F2E-B0FD404D61EC}.Debug|x64.ActiveCfg = Debug|x64
		{140DC525-E8A1-4F62-9F2E-B0FD404D61EC}.Debug|x64.Build.0 = Debug|x64
		{140DC525-E8A1-4F62-9F2E-B0FD404D61EC}.Debug|x86.ActiveCfg = Debug|Win32
		{140DC525-E8A1-4F62-9F2E-B0FD404D61EC}.Debug|x86.Build.0 = Debug|Win32
		{140DC525-E8A1-4F62-9F2E-B0FD404D61EC}.Release|x64.ActiveCfg = Release|x64
		{140DC525-E8A1-4F62-9F2E-B0FD404D61EC}.Release|x64.Build.0 = Release|x64
		{140DC525-E8A1-4F62-9F2E-B0FD404D61EC}.Release|x86.ActiveCfg = Release|Win32
		{140DC525-E8A1-4F62-9F2E-B0FD404D61EC}.Release|x86.Build.0 = Release|Win32
		{2183BE3E-518C-4E33-851E-3B93C979BBE5}.Debug|x64.ActiveCfg = Debug|x64
		{2183BE3E-518C-4E33-851E-3B93C979BBE5}.Debug|x64.Build.0 = Debug|x64
		{2183BE3E-518C-4E33-851E-3B93C979BBE5}.Debug|x86.ActiveCfg = Debug|Win32
		{2183BE3E-518C-4E33-851E-3B93C979BBE5}.Debug|x86.Build.0 = Debug|Win32
		{2183BE3E-518C-4E33-851E-3B93C979BBE5}.Release|x64.ActiveCfg = Release|x64
		{2183BE3E-518C-4E33-851E-3B93C979BBE5}.Release|x64.Build.0 = Release|x64
		{2183BE3E-518C-4E33-851E-3B93C979BBE5}.Release|x86.ActiveCfg = Release|Win32
		{2183BE3E-518C-4E33-851E-3B93C979BBE5}.Release|x86.Build.0 = Release|Win32
		{7ADFDA78-3272-4A09-A6A9-8140CB25BA48}.Debug|x64.ActiveCfg = Debug|x64
		{7ADFDA78-3272-4A09-A6A9-8140CB25BA48}.Debug|x64.Build.0 = Debug|x64
		{7ADFDA78-3272-4A09-A6A9-8140CB25BA48}.Debug|x86.ActiveCfg = Debug|Win32
		{7ADFDA78-3272-4A09-A6A9-8140CB25BA48}.Debug|x86.Build.0 = Debug|Win32
		{7ADFDA78-3272-4A09-A6A9-8140CB25BA48}.Release|x64.ActiveCfg = Release|x64
		{7ADFDA78-3272-4A09-A6A9-8140CB25BA48}.Release|x64.Build.0 = Release|x64
		{7ADFDA78-3272-4A09-A6A9-8140CB25BA48}.Release|x86.ActiveCfg = Release|Win32
		{7ADFDA78-3272-4A09-A6A9-8140CB25BA48}.Release|x86.Build.0 = Release|Win32
		{913D0BB1-4C0B-4672-8291-46EA3B6B4C3D}.Debug|x64.ActiveCfg = Debug|x64
		{913D0BB1-4C0B-4672-8291-46EA3B6B4C3D}.Debug|x64.Build.0 = Debug|x64
		{913D0BB1-4C0B-4672-8291-46EA3B6B4C3D}.Debug|x86.ActiveCfg = Debug|Win32
		{913D0BB1-4C0B-4672-8291-46EA3B6B4C3D}.Debug|x86.Build.0 = Debug|Win32
		{913D0BB1-4C0B-4672-8291-46EA3B6B4C3D}.Release|x64.ActiveCfg = Release|x64
		{913D0BB1-4C0B-4672-8291-46EA3B6B4C3D}.Release|x64.Build.0 = Release|x64
		{913D0BB1-4C0B-4672-8291-46EA3B6B4C3D}.Release|x86.ActiveCfg = Release|Win32
		{913D0BB1-4C0B-4672-8291-46EA3B6B4C3D}.Release|x86.Build.0 = Release|Win32
		{6D13BDA5-61BD-404F-AFA7-E0C35F50077D}.Debug|x64.ActiveCfg = Debug|x64
		{6D13BDA5-61BD-404F-AFA7-E0C35F50077D}.Debug|x64.Build.0 = Debug|x64
		{6D13BDA5-61BD-404F-AFA7-E0C35F50077D}.Debug|x86.ActiveCfg = Debug|Win32
		{6D13BDA5-61BD-404F-AFA7-E0C35F50077D}.Debug|x86.Build.0 = Debug|Win32
		{6D13BDA5-61BD-404F-AFA7-E0C35F50077D}.Release|x64.ActiveCfg = Release|x64
		{6D13BDA5-61BD-404F-AFA7-E0C35F50077D}.Release|x64.Build.0 = Release|x64
		{6D13BDA5-61BD-404F-AFA7-E0C35F50077D}.Release|x86.ActiveCfg = Release|Win32
		{6D13BDA5-61BD-404F-AFA7-E0C35F50077D}.Release|x86.Build.0 = Release|Win32
		{9E1E25FD-614D-453D-B004-606D66A25A78}.Debug|x64.ActiveCfg = Debug|x64
		{9E1E25FD-614D-453D-B004-606D66A25A78}.Debug|x64.Build.0 = Debug|x64
		{9E1E25FD-614D-453D-B004-606D66A25A78}.Debug|x86.ActiveCfg = Debug|Win32
		{9E1E25FD-614D-453D-B004-606D66A25A78}.Debug|x86.Build.0 = Debug|Win32
		{9E1E25FD-614D-453D-B004-606D66A25A78}.Release|x64.ActiveCfg = Release|x64
		{9E1E25FD-614D-453D-B004-606D66A25A78}.Release|x64.Build.0 = Release|x64
		{9E1E25FD-614D-453D-B004-606D66A25A78}.Release|x86.ActiveCfg = Release|Win32
		{9E1E25FD-614D-453D-B004-606D66A25A78}.Release|x86.Build.0 = Release|Win32
		{7613A60C-4DEA-4A93-AF1B-286A1019F1D4}.Debug|x64.ActiveCfg = Debug|x64
		{7613A60C-4DEA-4A93-AF1B-286A1019F1D4}.Debug|x64.Build.0 = Debug|x64
		{7613A60C-4DEA-4A93-AF1B-286A1019F1D4}.Debug|x86.ActiveCfg = Debug|Win32
		{7613A60C-4DEA-4A93-AF1B-286A1019F1D4}.Debug|x86.Build.0 = Debug|Win32
		{7613A60C-4DEA-4A93-AF1B-286A1019F1D4}.Release|x64.ActiveCfg = Release|x64
		{7613A60C-4DEA-4A93-AF1B-286A1019F1D4}.Release|x64.Build.0 = Release|x64
		{7613A60C-4DEA-4A93-AF1B-286A1019F1D4}.Release|x86.ActiveCfg = Release|Win32
		{7613A60C-4DEA-4A93-AF1B-286A1019F1D4}.Release|x86.Build.0 = Release|Win32
		{DDDDCDA0-CA65-4891-A34D-8DA484B97BF9}.Debug|x64.ActiveCfg = Debug|x64
		{DDDDCDA0-CA65-4891-A34D-8DA484B97BF9}.Debug|x64.Build.0 = Debug|x64
		{DDDDCDA0-CA65-4891-A34D-8DA484B97BF9}.Debug|x86.ActiveCfg = Debug|Win32
		{DDDDCDA0-CA65-4891-A34D-8DA484B97BF9}.Debug|x86.Build.0 = Debug|Win32
		{DDDDCDA0-CA65-4891-A34D-8DA484B97BF9}.Release|x64.ActiveCfg = Release|x64
		{DDDDCDA0-CA65-4891-A34D-8DA484B97BF9}.Release|x64.Build.0 = Release|x64
		{DDDDCDA0-CA65-4891-A34D-8DA484B97BF9}.Release|x86.ActiveCfg = Release|Win32
		{DDDDCDA0-CA65-4891-A34D-8DA484B97BF9}.Release|x86.Build.0 = Release|Win32
		{607C0463-BA39-4EFB-9785-E723B6E75A85}.Debug|x64.ActiveCfg = Debug|x64
		{607C0463-BA39-4EFB-9785-E723B6E75A85}.Debug|x64.Build.0 = Debug|x64
		{607C0463-BA39-4EFB-9785-E723B6E75A85}.Debug|x86.ActiveCfg = Debug|Win32
		{607C0463-BA39-4EFB-9785-E723B6E75A85}.Debug|x86.Build.0 = Debug|Win32
		{607C0463-BA39-4EFB-9785-E723B6E75A85}.Release|x64.ActiveCfg = Release|x64
		{607C0463-BA39-4EFB-9785-E723B6E75A85}.Release|x64.Build.0 = Release|x64
		{607C0463-BA39-4EFB-9785-E723B6E75A85}.Release|x86.ActiveCfg = Release|Win32
		{607C0463-BA39-4EFB-9785-E723B6E75A85}.Release|x86.Build.0 = Release|Win32
		{9D8890EB-F17A-44E0-B435-FD779B811648}.Debug|x64.ActiveCfg = Debug|x64
		{9D8890EB-F17A-44E0-B435-FD779B811648}.Debug|x64.Build.0 = Debug|x64
		{9D8890EB-F17A-44E0-B435-FD779B811648}.Debug|x86.ActiveCfg = Debug|Win32
		{9D8890EB-F17A-44E0-B435-FD779B811648}.Debug|x86.Build.0 = Debug|Win32
		{9D8890EB-F17A-44E0-B435-FD779B811648}.Release|x64.ActiveCfg = Release|x64
		{9D8890EB-F17A-44E0-B435-FD779B811648}.Release|x64.Build.0 = Release|x64
		{9D8890EB-F17A-44E0-B435-FD779B811648}.Release|x86.ActiveCfg = Release|Win32
		{9D8890EB-F17A-44E0-B435-FD779B811648}.Release|x86.Build.0 = Release|Win32
		{385683F4-CC0D-439E-84BC-CB81AA686C58}.Debug|x64.ActiveCfg = Debug|x64
		{385683F4-CC0D-439E-84BC-CB81AA686C58}.Debug|x64.Build.0 = Debug|x64
		{385683F4-CC0D-439E-84BC-CB81AA686C58}.Debug|x86.ActiveCfg = Debug|Win32
		{385683F4-CC0D-439E-84BC-CB81AA686C58}.Debug|x86.Build.0 = Debug|Win32
		{385683F4-CC0D-439E-84BC-CB81AA686C58}.Release|x64.ActiveCfg = Release|x64
		{385683F4-CC0D-439E-84BC-CB81AA686C58}.Release|x64.Build.0 = Release|x64
		{385683F4-CC0D-439E-84BC-CB81AA686C58}.Release|x86.ActiveCfg = Release|Win32
		{385683F4-CC0D-439E-84BC-CB81AA686C58}.Release|x86.Build.0 = Release|Win32
		{B5FAB833-B6D0-4CA1-8D9A-9F38BB3BE89D}.Debug|x64.ActiveCfg = Debug|x64
		{B5FAB833-B6D0-4CA1-8D9A-9F38BB3BE89D}.Debug|x64.Build.0 = Debug|x64
		{B5FAB833-B6D0-4CA1-8D9A-9F38BB3BE89D}.Debug|x86.ActiveCfg = Debug|Win32
		{B5FAB833-B6D0-4CA1-8D9A-9F38BB3BE89D}.Debug|x86.Build.0 = Debug|Win32
		{B5FAB833-B6D0-4CA1-8D9A-9F38BB3BE89D}.Release|x64.ActiveCfg = Release|x64
		{B5FAB833-B6D0-4CA1-8D9A-9F38BB3BE89D}.Release|x64.Build.0 = Release|x64
		{B5FAB833-B6D0-4CA1-8D9A-9F38BB3BE89D}.Release|x86.ActiveCfg = Release|Win32
		{B5FAB833-B6D0-4CA1-8D9A-9F38BB3BE89D}.Release|x86.Build.0 = Release|Win32
		{4B6B2032-7DAB-4A02-9415-1219929EC71C}.Debug|x64.ActiveCfg = Debug|x64
		{4B6B2032-7DAB-4A02-9415-1219929EC71C}.Debug|x64.Build.0 = Debug|x64
		{4B6B2032-7DAB-4A02-9415-1219929EC71C}.Debug|x86.ActiveCfg = Debug|Win32
		{4B6B2032-7DAB-4A02-9415-1219929EC71C}.Debug|x86.Build.0 = Debug|Win32
		{4B6B2032-7DAB-4A02-9415-1219929EC71C}.Release|x64.ActiveCfg = Release|x64
		{4B6B2032-7DAB-4A02-9415-1219929EC71C}.Release|x64.Build.0 = Release|x64
		{4B6B2032-7DAB-4A02-9415-1219929EC71C}.Release|x86.ActiveCfg = Release|Win32
		{4B6B2032-7DAB-4A02-9415-1219929EC71C}.Release|x86.Build.0 = Release|Win32
		{BE942B20-2088-4F4B-941F-D887009B2714}.Debug|x64.ActiveCfg = Debug|x64
		{BE942B20-2088-4F4B-941F-D887009B2714}.Debug|x64.Build.0 = Debug|x64
		{BE942B20-2088-4F4B-941F-D887009B2714}.Debug|x86.ActiveCfg = Debug|Win32
		{BE942B20-2088-4F4B-941F-D887009B2714}.Debug|x86.Build.0 = Debug|Win32
		{BE942B20-2088-4F4B-941F-D887009B2714}.Release|x64.ActiveCfg = Release|x64
		{BE942B20-2088-4F4B-941F-D887009B2714}.Release|x64.Build.0 = Release|x64
		{BE942B20-2088-4F4B-941F-D887009B2714}.Release|x86.ActiveCfg = Release|Win32
		{BE942B20-2088-4F4B-941F-D887009B2714}.Release|x86.Build.0 = Release|Win32
		{869C3CB7-835E-4C94-A6A6-96A73BA2AF7D}.Debug|x64.ActiveCfg = Debug|x64
		{869C3CB7-835E-4C94-A6A6-96A73BA2AF7D}.Debug|x64.Build.0 = Debug|x64
		{869C3CB7-835E-4C94-A6A6-96A73BA2AF7D}.Debug|x86.ActiveCfg = Debug|Win32
		{869C3CB7-835E-4C94-A6A6-96A73BA2AF7D}.Debug|x86.Build.0 = Debug|Win32
		{869C3CB7-835E-4C94-A6A6-96A73BA2AF7D}.Release|x64.ActiveCfg = Release|x64
		{869C3CB7-835E-4C94-A6A6-96A73BA2AF7D}.Release|x64.Build.0 = Release|x64
		{869C3CB7-835E-4C94-A6A6-96A73BA2AF7D}.Release|x86.ActiveCfg = Release|Win32
		{869C3CB7-835E-4C94-A6A6-96A73BA2AF7D}.Release|x86.Build.0 = Release|Win32
		{DFCCB8FC-5A95-4E13-80C7-8A84AFC5D162}.Debug|x64.ActiveCfg = Debug|x64
		{DFCCB8FC-5A95-4E13-80C7-8A84AFC5D162}.Debug|x64.Build.0 = Debug|x64
		{DFCCB8FC-5A95-4E13-80C7-8A84AFC5D162}.Debug|x86.ActiveCfg = Debug|Win32
		{DFCCB8FC-5A95-4E13-80C7-8A84AFC5D162}.Debug|x86.Build.0 = Debug|Win32
		{DFCCB8FC-5A95-4E13-80C7-8A84AFC5D162}.Release|x64.ActiveCfg = Release|x64
		{DFCCB8FC-5A95-4E13-80C7-8A84AFC5D162}.Release|x64.Build.0 = Release|x64
		{DFCCB8FC-5A95-4E13-80C7-8A84AFC5D162}.Release|x86.ActiveCfg = Release|Win32
		{DFCCB8FC-5A95-4E13-80C7-8A84AFC5D162}.Release|x86.Build.0 = Release|Win32
		{2ABC0AA6-D1AD-45FD-B21B-C041D59EF9B2}.Debug|x64.ActiveCfg = Debug|x64
		{2ABC0AA6-D1AD-45FD-B21B-C041D59EF9B2}.Debug|x64.Build.0 = Debug|x64
		{2ABC0AA6-D1AD-45FD-B21B-C041D59EF9B2}.Debug|x86.ActiveCfg = Debug|Win32
		{2ABC0AA6-D1AD-45FD-B21B-C041D59EF9B2}.Debug|x86.Build.0 = Debug|Win32
		{2ABC0AA6-D1AD-45FD-B21B-C041D59EF9B2}.Release|x64.ActiveCfg = Release|x64
		{2ABC0AA6-D1AD-45FD-B21B-C041D59EF9B2}.Release|x64.Build.0 = Release|x64
		{2ABC0AA6-D1AD-45FD-B21B-C041D59EF9B2}.Release|x86.ActiveCfg = Release|Win32
		{2ABC0AA6-D1AD-45FD-B21B-C041D59EF9B2}.Release|x86.Build.0 = Release|Win32
		{DE5B584E-EE4B-4187-A2BF-1C787140A39A}.Debug|x64.ActiveCfg = Debug|x64
		{DE5B584E-EE4B-4187-A2BF-1C787140A39A}.Debug|x64.Build.0 = Debug|x64
		{DE5B584E-EE4B-4187-A2BF-1C787140A39A}.Debug|x86.ActiveCfg = Debug|Win32
		{DE5B584E-EE4B-4187-A2BF-1C787140A39A}.Debug|x86.Build.0 = Debug|Win32
		{DE5B584E-EE4B-4187-A2BF-1C787140A39A}.Release|x64.ActiveCfg = Release|x64
		{DE5B584E-EE4B-4187-A2BF-1C787140A39A}.Release|x64.Build.0 = Release|x64
		{DE5B584E-EE4B-4187-A2BF-1C787140A39A}.Release|x86.ActiveCfg = Release|Win32
		{DE5B584E-EE4B-4187-A2BF-1C787140A39A}.Release|x86.Build.0 = Release|Win32
		{7497D933-CFBD-439B-A695-21256BDDB993}.Debug|x64.ActiveCfg = Debug|x64
		{7497D933-CFBD-439B-A695-21256BDDB993}.Debug|x64.Build.0 = Debug|x64
		{7497D933-CFBD-439B-A695-21256BDDB993}.Debug|x86.ActiveCfg = Debug|Win32
		{7497D933-CFBD-439B-A695-21256BDDB993}.Debug|x86.Build.0 = Debug|Win32
		{7497D933-CFBD-439B-A695-21256BDDB993}.Release|x64.ActiveCfg = Release|x64
		{7497D933-CFBD-439B-A695-21256BDDB993}.Release|x64.Build.0 = Release|x64
		{7497D933-CFBD-439B-A695-21256BDDB993}.Release|x86.ActiveCfg = Release|Win32
		{7497D933-CFBD-439B-A695-21256BDDB993}.Release|x86.Build.0 = Release|Win32
		{FD9B22D8-A7F6-49FC-9819-CF84278BF789}.Debug|x64.ActiveCfg = Debug|x64
		{FD9B22D8-A7F6-49FC-9819-CF84278BF789}.Debug|x64.Build.0 = Debug|x64
		{FD9B22D8-A7F6-49FC-9819-CF84278BF789}.Debug|x86.ActiveCfg = Debug|Win32
		{FD9B22D8-A7F6-49FC-9819-CF84278BF789}.Debug|x86.Build.0 = Debug|Win32
		{FD9B22D8-A7F6-49FC-9819-CF84278BF789}.Release|x64.ActiveCfg = Release|x64
		{FD9B22D8-A7F6-49FC-9819-CF84278BF789}.Release|x64.Build.0 = Release|x64
		{FD9B22D8-A7F6-49FC-9819-CF84278BF789}.Release|x86.ActiveCfg = Release|Win32
		{FD9B22D8-A7F6-49FC-9819-CF84278BF789}.Release|x86.Build.0 = Release|Win32
		{0241717C-EBF8-4BD3-9554-5D72C0E63819}.Debug|x64.ActiveCfg = Debug|x64
		{0241717C-EBF8-4BD3-9554-5D72C0E63819}.Debug|x64.Build.0 = Debug|x64
		{0241717C-EBF8-4BD3-9554-5D72C0E63819}.Debug|x86.ActiveCfg = Debug|Win32
		{0241717C-EBF8-4BD3-9554-5D72C0E63819}.Debug|x86.Build.0 = Debug|Win32
		{0241717C-EBF8-4BD3-9554-5D72C0E63819}.Release|x64.ActiveCfg = Release|x64
		{0241717C-EBF8-4BD3-9554-5D72C0E63819}.Release|x64.Build.0 = Release|x64
		{0241717C-EBF8-4BD3-9554-5D72C0E63819}.Release|x86.ActiveCfg = Release|Win32
		{0241717C-EBF8-4BD3-9554-5D72C0E63819}.Release|x86.Build.0 = Release|Win32
		{8C15E94D-9DAC-492B-BACE-980706367A83}.Debug|x64.ActiveCfg = Debug|x64
		{8C15E94D-9DAC-492B-BACE-980706367A83}.Debug|x64.Build.0 = Debug|x64
		{8C15E94D-9DAC-492B-BACE-980706367A83}.Debug|x86.ActiveCfg = Debug|Win32
		{8C15E94D-9DAC-492B-BACE-980706367A83}.Debug|x86.Build.0 = Debug|Win32
		{8C15E94D-9DAC-492B-BACE-980706367A83}.Release|x64.ActiveCfg = Release|x64
		{8C15E94D-9DAC-492B-BACE-980706367A83}.Release|x64.Build.0 = Release|x64
		{8C15E94D-9DAC-492B-BACE-980706367A83}.Release|x86.ActiveCfg = Release|Win32
		{8C15E94D-9DAC-492B-BACE-980706367A83}.Release|x86.Build.0 = Release|Win32
		{E1E83CC5-2C69-4749-B959-2ECBE5DEA586}.Debug|x64.ActiveCfg = Debug|x64
		{E1E83CC5-2C69-4749-B959-2ECBE5DEA586}.Debug|x64.Build.0 = Debug|x64
		{E1E83CC5-2C69-4749-B959-2ECBE5DEA586}.Debug|x86.ActiveCfg = Debug|Win32
		{E1E83CC5-2C69-4749-B959-2ECBE5DEA586}.Debug|x86.Build.0 = Debug|Win32
		{E1E83CC5-2C69-4749-B959-2ECBE5DEA586}.Release|x64.ActiveCfg = Release|x64
		{E1E83CC5-2C69-4749-B959-2ECBE5DEA586}.Release|x64.Build.0 = Release|x64
		{E1E83CC5-2C69-4749-B959-2ECBE5DEA586}.Release|x86.ActiveCfg = Release|Win32
		{E1E83CC5-2C69-4749-B959-2ECBE5DEA586}.Release|x86.Build.0 = Release|Win32
		{46E216F8-5A9D-488A-A78C-A23518CA668E}.Debug|x64.ActiveCfg = Debug|x64
		{46E216F8-5A9D-488A-A78C-A23518CA668E}.Debug|x64.Build.0 = Debug|x64
		{46E216F8-5A9D-488A-A78C-A23518CA668E}.Debug|x86.ActiveCfg = Debug|Win32
		{46E216F8-5A9D-488A-A78C-A23518CA668E}.Debug|x86.Build.0 = Debug|Win32
		{46E216F8-5A9D-488A-A78C-A23518CA668E}.Release|x64.ActiveCfg = Release|x64
		{46E216F8-5A9D-488A-A78C-A23518CA668E}.Release|x64.Build.0 = Release|x64
		{46E216F8-5A9D-488A-A78C-A23518CA668E}.Release|x86.ActiveCfg = Release|Win32
		{46E216F8-5A9D-488A-A78C-A23518CA668E}.Release|x86.Build.0 = Release|Win32
		{4AC6DDD5-538E-4795-B048-E893AEC79B82}.Debug|x64.ActiveCfg = Debug|x64
		{4AC6DDD5-538E-4795-B048-E893AEC79B82}.Debug|x64.Build.0 = Debug|x64
		{4AC6DDD5-538E-4795-B048-E893AEC79B82}.Debug|x86.ActiveCfg = Debug|Win32
		{4AC6DDD5-538E-4795-B048-E893AEC79B82}.Debug|x86.Build.0 = Debug|Win32
		{4AC6DDD5-538E-4795-B048-E893AEC79B82}.Release|x64.ActiveCfg = Release|x64
		{4AC6DDD5-538E-4795-B048-E893AEC79B82}.Release|x64.Build.0 = Release|x64
		{4AC6DDD5-538E-4795-B048-E893AEC79B82}.Release|x86.ActiveCfg = Release|Win32
		{4AC6DDD5-538E-4795-B048-E893AEC79B82}.Release|x86.Build.0 = Release|Win32
		{3D4F91F5-F407-41A7-B86A-400659ECC708}.Debug|x64.ActiveCfg = Debug|x64
		{3D4F91F5-F407-41A7-B86A-400659ECC708}.Debug|x64.Build.0 = Debug|x64
		{3D4F91F5-F407-41A7-B86A-400659ECC708}.Debug|x86.ActiveCfg = Debug|Win32
		{3D4F91F5-F407-41A7-B86A-400659ECC708}.Debug|x86.Build.0 = Debug|Win32
		{3D4F91F5-F407-41A7-B86A-400659ECC708}.Release|x64.ActiveCfg = Release|x64
		{3D4F91F5-F407-41A7-B86A-400659ECC708}.Release|x64.Build.0 = Release|x64
		{3D4F91F5-F407-41A7-B86A-400659ECC708}.Release|x86.ActiveCfg = Release|Win32
		{3D4F91F5-F407-41A7-B86A-400659ECC708}.Release|x86.Build.0 = Release|Win32
		{5D10F8EC-E383-46F4-9946-23954FA4E011}.Debug|x64.ActiveCfg = Debug|x64
		{5D10F8EC-E383-46F4-9946-23954FA4E011}.Debug|x64.Build.0 = Debug|x64
		{5D10F8EC-E383-46F4-9946-23954FA4E011}.Debug|x86.ActiveCfg = Debug|Win32
		{5D10F8EC-E383-46F4-9946-23954FA4E011}.Debug|x86.Build.0 = Debug|Win32
		{5D10F8EC-E383-46F4-9946-23954FA4E011}.Release|x64.ActiveCfg = Release|x64
		{5D10F8EC-E383-46F4-9946-23954FA4E011}.Release|x64.Build.0 = Release|x64
		{5D10F8EC-E383-46F4-9946-23954FA4E011}.Release|x86.ActiveCfg = Release|Win32
		{5D10F8EC-E383-46F4-9946-23954FA4E011}.Release|x86.Build.0 = Release|Win32
		{F141B2D1-08FE-45B8-8893-F9DEB28A5FDA}.Debug|x64.ActiveCfg = Debug|x64
		{F141B2D1-08FE-45B8-8893-F9DEB28A5FDA}.Debug|x64.Build.0 = Debug|x64
		{F141B2D1-08FE-45B8-8893-F9DEB28A5FDA}.Debug|x86.ActiveCfg = Debug|Win32
		{F141B2D1-08FE-45B8-8893-F9DEB28A5FDA}.Debug|x86.Build.0 = Debug|Win32
		{F141B2D1-08FE-45B8-8893-F9DEB28A5FDA}.Release|x64.ActiveCfg = Release|x64
		{F141B2D1-08FE-45B8-8893-F9DEB28A5FDA}.Release|x64.Build.0 = Release|x64
		{F141B2D1-08FE-45B8-8893-F9DEB28A5FDA}.Release|x86.ActiveCfg = Release|Win32
		{F141B2D1-08FE-45B8-8893-F9DEB28A5FDA}.Release|x86.Build.0 = Release|Win32
		{9473ECE9-5F77-4D10-BFD4-D7294253B18D}.Debug|x64.ActiveCfg = Debug|x64
		{9473ECE9-5F77-4D10-BFD4-D7294253B18D}.Debug|x64.Build.0 = Debug|x64
		{9473ECE9-5F77-4D10-BFD4-D7294253B18D}.Debug|x86.ActiveCfg = Debug|Win32
		{9473ECE9-5F77-4D10-BFD4-D7294253B18D}.Debug|x86.Build.0 = Debug|Win32
		{9473ECE9-5F77-4D10-BFD4-D7294253B18D}.Release|x64.ActiveCfg = Release|x64
		{9473ECE9-5F77-4D10-BFD4-D7294253B18D}.Release|x64.Build.0 = Release|x64
		{9473ECE9-5F77-4D10-BFD4-D7294253B18D}.Release|x86.ActiveCfg = Release|Win32
		{9473ECE9-5F77-4D10-BFD4-D7294253B18D}.Release|x86.Build.0 = Release|Win32
		{7048A87A-CCCF-4959-90F1-FCB24A09906C}.Debug|x64.ActiveCfg = Debug|x64
		{7048A87A-CCCF-4959-90F1-FCB24A09906C}.Debug|x64.Build.0 = Debug|x64
		{7048A87A-CCCF-4959-90F1-FCB24A09906C}.Debug|x86.ActiveCfg = Debug|Win32
		{7048A87A-CCCF-4959-90F1-FCB24A09906C}.Debug|x86.Build.0 = Debug|Win32
		{7048A87A-CCCF-4959-90F1-FCB24A09906C}.Release|x64.ActiveCfg = Release|x64
		{7048A87A-CCCF-4959-90F1-FCB24A09906C}.Release|x64.Build.0 = Release|x64
		{7048A87A-CCCF-4959-90F1-FCB24A09906C}.Release|x86.ActiveCfg = Release|Win32
		{7048A87A-CCCF-4959-90F1-FCB24A09906C}.Release|x86.Build.0 = Release|Win32
		{DA68660D-BCAE-42D9-8E07-A62229EBCF28}.Debug|x64.ActiveCfg = Debug|x64
		{DA68660D-BCAE-42D9-8E07-A62229EBCF28}.Debug|x64.Build.0 = Debug|x64
		{DA68660D-BCAE-42D9-8E07-A62229EBCF28}.Debug|x86.ActiveCfg = Debug|Win32
		{DA68660D-BCAE-42D9-8E07-A62229EBCF28}.Debug|x86.Build.0 = Debug|Win32
		{DA68660D-BCAE-42D9-8E07-A62229EBCF28}.Release|x64.ActiveCfg = Release|x64
		{DA68660D-BCAE-42D9-8E07-A62229EBCF28}.Release|x64.Build.0 = Release|x64
		{DA68660D-BCAE-42D9-8E07-A62229EBCF28}.Release|x86.ActiveCfg = Release|Win32
		{DA68660D-BCAE-42D9-8E07-A62229EBCF28}.Release|x86.Build.0 = Release|Win32
		{410C893E-2D55-49FA-BA04-95090F074431}.Debug|x64.ActiveCfg = Debug|x64
		{410C893E-2D55-49FA-BA04-95090F074431}.Debug|x64.Build.0 = Debug|x64
		{410C893E-2D55-49FA-BA04-95090F074431}.Debug|x86.ActiveCfg = Debug|Win32
		{410C893E-2D55-49FA-BA04-95090F074431}.Debug|x86.Build.0 = Debug|Win32
		{410C893E-2D55-49FA-BA04-95090F074431}.Release|x64.ActiveCfg = Release|x64
		{410C893E-2D55-49FA-BA04-95090F074431}.Release|x64.Build.0 = Release|x64
		{410C893E-2D55-49FA-BA04-95090F074431}.Release|x86.ActiveCfg = Release|Win32
		{410C893E-2D55-49FA-BA04-95090F074431}.Release|x86.Build.0 = Release|Win32
		{5183A39D-A051-442C-A736-2B1E2A472A29}.Debug|x64.ActiveCfg = Debug|x64
		{5183A39D-A051-442C-A736-2B1E2A472A29}.Debug|x64.Build.0 = Debug|x64
		{5183A39D-A051-442C-A736-2B1E2A472A29}.Debug|x86.ActiveCfg = Debug|Win32
		{5183A39D-A051-442C-A736-2B1E2A472A29}.Debug|x86.Build.0 = Debug|Win32
		{5183A39D-A051-442C-A736-2B1E2A472A29}.Release|x64.ActiveCfg = Release|x64
		{5183A39D-A051-442C-A736-2B1E2A472A29}.Release|x64.Build.0 = Release|x64
		{5183A39D-A051-442C-A736-2B1E2A472A29}.Release|x86.ActiveCfg = Release|Win32
		{5183A39D-A051-442C-A736-2B1E2A472A29}.Release|x86.Build.0 = Release|Win32
		{515E5B2B-05F4-4BDE-9809-9DD31804BD1A}.Debug|x64.ActiveCfg = Debug|x64
		{515E5B2B-05F4-4BDE-9809-9DD31804BD1A}.Debug|x64.Build.0 = Debug|x64
		{515E5B2B-05F4-4BDE-9809-9DD31804BD1A}.Debug|x86.ActiveCfg = Debug|Win32
		{515E5B2B-05F4-4BDE-9809-9DD31804BD1A}.Debug|x86.Build.0 = Debug|Win32
		{515E5B2B-05F4-4BDE-9809-9DD31804BD1A}.Release|x64.ActiveCfg = Release|x64
		{515E5B2B-05F4-4BDE-9809-9DD31804BD1A}.Release|x64.Build.0 = Release|x64
		{515E5B2B-05F4-4BDE-9809-9DD31804BD1A}.Release|x86.ActiveCfg = Release|Win32
		{515E5B2B-05F4-4BDE-9809-9DD31804BD1A}.Release|x86.Build.0 = Release|Win32
		{CC82DE17-8F75-470B-8F6F-845DFF80403D}.Debug|x64.ActiveCfg = Debug|x64
		{CC82DE17-8F75-470B-8F6F-845DFF80403D}.Debug|x64.Build.0 = Debug|x64
		{CC82DE17-8F75-470B-8F6F-845DFF80403D}.Debug|x86.ActiveCfg = Debug|Win32
		{CC82DE17-8F75-470B-8F6F-845DFF80403D}.Debug|x86.Build.0 = Debug|Win32
		{CC82DE17-8F75-470B-8F6F-845DFF80403D}.Release|x64.ActiveCfg = Release|x64
		{CC82DE17-8F75-470B-8F6F-845DFF80403D}.Release|x64.Build.0 = Release|x64
		{CC82DE17-8F75-470B-8F6F-845DFF80403D}.Release|x86.ActiveCfg = Release|Win32
		{CC82DE17-8F75-470B-8F6F-845DFF80403D}.Release|x86.Build.0 = Release|Win32
		{EBB2C423-FAD1-40CF-B065-A3398D97C369}.Debug|x64.ActiveCfg = Debug|x64
		{EBB2C423-FAD1-40CF-B065-A3398D97C369}.Debug|x64.Build.0 = Debug|x64
		{EBB2C423-FAD1-40CF-B065-A3398D97C369}.Debug|x86.ActiveCfg = Debug|Win32
		{EBB2C423-FAD1-40CF-B065-A3398D97C369}.Debug|x86.Build.0 = Debug|Win32
		{EBB2C423-FAD1-40CF-B065-A3398D97C369}.Release|x64.ActiveCfg = Release|x64
		{EBB2C423-FAD1-40CF-B065-A3398D97C369}.Release|x64.Build.0 = Release|x64
		{EBB2C423-FAD1-40CF-B065-A3398D97C369}.Release|x86.ActiveCfg = Release|Win32
		{EBB2C423-FAD1-40CF-B065-A3398D97C369}.Release|x86.Build.0 = Release|Win32
		{05D678E9-0C98-44CE-8DA5-66707AF2C74B}.Debug|x64.ActiveCfg = Debug|x64
		{05D678E9-0C98-44CE-8DA5-66707AF2C74B}.Debug|x64.Build.0 = Debug|x64
		{05D678E9-0C98-44CE-8DA5-66707AF2C74B}.Debug|x86.ActiveCfg = Debug|Win32
		{05D678E9-0C98-44CE-8DA5-66707AF2C74B}.Debug|x86.Build.0 = Debug|Win32
		{05D678E9-0C98-44CE-8DA5-66707AF2C74B}.Release|x64.ActiveCfg = Release|x64
		{05D678E9-0C98-44CE-8DA5-66707AF2C74B}.Release|x64.Build.0 = Release|x64
		{05D678E9-0C98-44CE-8DA5-66707AF2C74B}.Release|x86.ActiveCfg = Release|Win32
		{05D678E9-0C98-44CE-8DA5-66707AF2C74B}.Release|x86.Build.0 = Release|Win32
		{4E6EB150-8961-4799-8198-9714B71BABE1}.Debug|x64.ActiveCfg = Debug|x64
		{4E6EB150-8961-4799-8198-9714B71BABE1}.Debug|x64.Build.0 = Debug|x64
		{4E6EB150-8961-4799-8198-9714B71BABE1}.Debug|x86.ActiveCfg = Debug|Win32
		{4E6EB150-8961-4799-8198-9714B71BABE1}.Debug|x86.Build.0 = Debug|Win32
		{4E6EB150-8961-4799-8198-9714B71BABE1}.Release|x64.ActiveCfg = Release|x64
		{4E6EB150-8961-4799-8198-9714B71BABE1}.Release|x64.Build.0 = Release|x64
		{4E6EB150-8961-4799-8198-9714B71BABE1}.Release|x86.ActiveCfg = Release|Win32
		{4E6EB150-8961-4799-8198-9714B71BABE1}.Release|x86.Build.0 = Release|Win32
		{021C7E3A-9302-458B-BFC2-559EAE35E6E7}.Debug|x64.ActiveCfg = Debug|x64
		{021C7E3A-9302-458B-BFC2-559EAE35E6E7}.Debug|x64.Build.0 = Debug|x64
		{021C7E3A-9302-458B-BFC2-559EAE35E6E7}.Debug|x86.ActiveCfg = Debug|Win32
		{021C7E3A-9302-458B-BFC2-559EAE35E6E7}.Debug|x86.Build.0 = Debug|Win32
		{021C7E3A-9302-458B-BFC2-559EAE35E6E7}.Release|x64.ActiveCfg = Release|x64
		{021C7E3A-9302-458B-BFC2-559EAE35E6E7}.Release|x64.Build.0 = Release|x64
		{021C7E3A-9302-458B-BFC2-559EAE35E6E7}.Release|x86.ActiveCfg = Release|Win32
		{021C7E3A-9302-458B-BFC2-559EAE35E6E7}.Release|x86.Build.0 = Release|Win32
		{58BBC460-2DA9-4E51-B5E3-71AD839C308D}.Debug|x64.ActiveCfg = Debug|x64
		{58BBC460-2DA9-4E51-B5E3-71AD839C308D}.Debug|x64.Build.0 = Debug|x64
		{58BBC460-2DA9-4E51-B5E3-71AD839C308D}.Debug|x86.ActiveCfg = Debug|Win32
		{58BBC460-2DA9-4E51-B5E3-71AD839C308D}.Debug|x86.Build.0 = Debug|Win32
		{58BBC460-2DA9-4E51-B5E3-71AD839C308D}.Release|x64.ActiveCfg = Release|x64
		{58BBC460-2DA9-4E51-B5E3-71AD839C308D}.Release|x64.Build.0 = Release|x64
		{58BBC460-2DA9-4E51-B5E3-71AD839C308D}.Release|x86.ActiveCfg = Release|Win32
		{58BBC460-2DA9-4E51-B5E3-71AD839C308D}.Release|x86.Build.0 = Release|Win32
		{A40162CA-03F0-401D-8212-1674A1278BBA}.Debug|x64.ActiveCfg = Debug|x64
		{A40162CA-03F0-401D-8212-1674A1278BBA}.Debug|x64.Build.0 = Debug|x64
		{A40162CA-03F0-401D-8212-1674A1278BBA}.Debug|x86.ActiveCfg = Debug|Win32
		{A40162CA-03F0-401D-8212-1674A1278BBA}.Debug|x86.Build.0 = Debug|Win32
		{A40162CA-03F0-401D-8212-1674A1278BBA}.Release|x64.ActiveCfg = Release|x64
		{A40162CA-03F0-401D-8212-1674A1278BBA}.Release|x64.Build.0 = Release|x64
		{A40162CA-03F0-401D-8212-1674A1278BBA}.Release|x86.ActiveCfg = Release|Win32
		{A40162CA-03F0-401D-8212-1674A1278BBA}.Release|x86.Build.0 = Release|Win32
		{6E99AF05-0882-4F62-90C8-6E92A9E37878}.Debug|x64.ActiveCfg = Debug|x64
		{6E99AF05-0882-4F62-90C8-6E92A9E37878}.Debug|x64.Build.0 = Debug|x64
		{6E99AF05-0882-4F62-90C8-6E92A9E37878}.Debug|x86.ActiveCfg = Debug|Win32
		{6E99AF05-0882-4F62-90C8-6E92A9E37878}.Debug|x86.Build.0 = Debug|Win32
		{6E99AF05-0882-4F62-90C8-6E92A9E37878}.Release|x64.ActiveCfg = Release|x64
		{6E99AF05-0882-4F62-90C8-6E92A9E37878}.Release|x64.Build.0 = Release|x64
		{6E99AF05-0882-4F62-90C8-6E92A9E37878}.Release|x86.ActiveCfg = Release|Win32
		{6E99AF05-0882-4F62-90C8-6E92A9E37878}.Release|x86.Build.0 = Release|Win32
		{EA998D08-0DD6-4352-A503-4F2A26061906}.Debug|x64.ActiveCfg = Debug|x64
		{EA998D08-0DD6-4352-A503-4F2A26061906}.Debug|x64.Build.0 = Debug|x64
		{EA998D08-0DD6-4352-A503-4F2A26061906}.Debug|x86.ActiveCfg = Debug|Win32
		{EA998D08-0DD6-4352-A503-4F2A26061906}.Debug|x86.Build.0 = Debug|Win32
		{EA998D08-0DD6-4352-A503-4F2A26061906}.Release|x64.ActiveCfg = Release|x64
		{EA998D08-0DD6-4352-A503-4F2A26061906}.Release|x64.Build.0 = Release|x64
		{EA998D08-0DD6-4352-A503-4F2A26061906}.Release|x86.ActiveCfg = Release|Win32
		{EA998D08-0DD6-4352-A503-4F2A26061906}.Release|x86.Build.0 = Release|Win32
		{B969F7DA-9DFC-4A02-9BCE-20EC583711B7}.Debug|x64.ActiveCfg = Debug|x64
		{B969F7DA-9DFC-4A02-9BCE-20EC583711B7}.Debug|x64.Build.0 = Debug|x64
		{B969F7DA-9DFC-4A02-9BCE-20EC583711B7}.Debug|x86.ActiveCfg = Debug|Win32
		{B969F7DA-9DFC-4A02-9BCE-20EC583711B7}.Debug|x86.Build.0 = Debug|Win32
		{B969F7DA-9DFC-4A02-9BCE-20EC583711B7}.Release|x64.ActiveCfg = Release|x64
		{B969F7DA-9DFC-4A02-9BCE-20EC583711B7}.Release|x64.Build.0 = Release|x64
		{B969F7DA-9DFC-4A02-9BCE-20EC583711B7}.Release|x86.ActiveCfg = Release|Win32
		{B969F7DA-9DFC-4A02-9BCE-20EC583711B7}.Release|x86.Build.0 = Release|Win32
		{5AEDC8BA-EB2C-433A-A823-15F629559AB9}.Debug|x64.ActiveCfg = Debug|x64
		{5AEDC8BA-EB2C-433A-A823-15F629559AB9}.Debug|x64.Build.0 = Debug|x64
		{5AEDC8BA-EB2C-433A-A823-15F629559AB9}.Debug|x86.ActiveCfg = Debug|Win32
		{5AEDC8BA-EB2C-433A-A823-15F629559AB9}.Debug|x86.Build.0 = Debug|Win32
		{5AEDC8BA-EB2C-433A-A823-15F629559AB9}.Release|x64.ActiveCfg = Release|x64
		{5AEDC8BA-EB2C-433A-A823-15F629559AB9}.Release|x64.Build.0 = Release|x64
		{5AEDC8BA-EB2C-433A-A823-15F629559AB9}.Release|x86.ActiveCfg = Release|Win32
		{5AEDC8BA-EB2C-433A-A823-15F629559AB9}.Release|x86.Build.0 = Release|Win32
		{ED9CCC01-3335-4476-B3B8-2CAE2D3289B8}.Debug|x64.ActiveCfg = Debug|x64
		{ED9CCC01-3335-4476-B3B8-2CAE2D3289B8}.Debug|x64.Build.0 = Debug|x64
		{ED9CCC01-3335-4476-B3B8-2CAE2D3289B8}.Debug|x86.ActiveCfg = Debug|Win32
		{ED9CCC01-3335-4476-B3B8-2CAE2D3289B8}.Debug|x86.Build.0 = Debug|Win32
		{ED9CCC01-3335-4476-B3B8-2CAE2D3289B8}.Release|x64.ActiveCfg = Release|x64
		{ED9CCC01-3335-4476-B3B8-2CAE2D3289B8}.Release|x64.Build.0 = Release|x64
		{ED9CCC01-3335-4476-B3B8-2CAE2D3289B8}.Release|x86.ActiveCfg = Release|Win32
		{ED9CCC01-3335-4476-B3B8-2CAE2D3289B8}.Release|x86.Build.0 = Release|Win32
		{C1A29FBD-2EB7-43F8-A52E-75736DD3D4B0}.Debug|x64.ActiveCfg = Debug|x64
		{C1A29FBD-2EB7-43F8-A52E-75736DD3D4B0}.Debug|x64.Build.0 = Debug|x64
		{C1A29FBD-2EB7-43F8-A52E-75736DD3D4B0}.Debug|x86.ActiveCfg = Debug|Win32
		{C1A29FBD-2EB7-43F8-A52E-75736DD3D4B0}.Debug|x86.Build.0 = Debug|Win32
		{C1A29FBD-2EB7-43F8-A52E-75736DD3D4B0}.Release|x64.ActiveCfg = Release|x64
		{C1A29FBD-2EB7-43F8-A52E-75736DD3D4B0}.Release|x64.Build.0 = Release|x64
		{C1A29FBD-2EB7-43F8-A52E-75736DD3D4B0}.Release|x86.ActiveCfg = Release|Win32
		{C1A29FBD-2EB7-43F8-A52E-75736DD3D4B0}.Release|x86.Build.0 = Release|Win32
		{69185D1E-95DC-44B3-B37E-71F8D78BB3BC}.Debug|x64.ActiveCfg = Debug|x64
		{69185D1E-95DC-44B3-B37E-71F8D78BB3BC}.Debug|x64.Build.0 = Debug|x64
		{69185D1E-95DC-44B3-B37E-71F8D78BB3BC}.Debug|x86.ActiveCfg = Debug|Win32
		{69185D1E-95DC-44B3-B37E-71F8D78BB3BC}.Debug|x86.Build.0 = Debug|Win32
		{69185D1E-95DC-44B3-B37E-71F8D78BB3BC}.Release|x64.ActiveCfg = Release|x64
		{69185D1E-95DC-44B3-B37E-71F8D78BB3BC}.Release|x64.Build.0 = Release|x64
		{69185D1E-95DC-44B3-B37E-71F8D78BB3BC}.Release|x86.ActiveCfg = Release|Win32
		{69185D1E-95DC-44B3-B37E-71F8D78BB3BC}.Release|x86.Build.0 = Release|Win32
		{BB164FFA-1813-490F-BA2E-8E584AB2B439}.Debug|x64.ActiveCfg = Debug|x64
		{BB164FFA-1813-490F-BA2E-8E584AB2B439}.Debug|x64.Build.0 = Debug|x64
		{BB164FFA-1813-490F-BA2E-8E584AB2B439}.Debug|x86.ActiveCfg = Debug|Win32
		{BB164FFA-1813-490F-BA2E-8E584AB2B439}.Debug|x86.Build.0 = Debug|Win32
		{BB164FFA-1813-490F-BA2E-8E584AB2B439}.Release|x64.ActiveCfg = Release|x64
		{BB164FFA-1813-490F-BA2E-8E584AB2B439}.Release|x64.Build.0 = Release|x64
		{BB164FFA-1813-490F-BA2E-8E584AB2B439}.Release|x86.ActiveCfg = Release|Win32
		{BB164FFA-1813-490F-BA2E-8E584AB2B439}.Release|x86.Build.0 = Release|Win32
		{8ACEE112-E257-43E1-B4ED-7F0EA881BBB4}.Debug|x64.ActiveCfg = Debug|x64
		{8ACEE112-E257-43E1-B4ED-7F0EA881BBB4}.Debug|x64.Build.0 = Debug|x64
		{8ACEE112-E257-43E1-B4ED-7F0EA881BBB4}.Debug|x86.ActiveCfg = Debug|Win32
		{8ACEE112-E257-43E1-B4ED-7F0EA881BBB4}.Debug|x86.Build.0 = Debug|Win32
		{8ACEE112-E257-43E1-B4ED-7F0EA881BBB4}.Release|x64.ActiveCfg = Release|x64
		{8ACEE112-E257-43E1-B4ED-7F0EA881BBB4}.Release|x64.Build.0 = Release|x64
		{8ACEE112-E257-43E1-B4ED-7F0EA881BBB4}.Release|x86.ActiveCfg = Release|Win32
		{8ACEE112-E257-43E1-B4ED-7F0EA881BBB4}.Release|x86.Build.0 = Release|Win32
		{5B258026-384E-45E6-B590-038262425854}.Debug|x64.ActiveCfg = Debug|x64
		{5B258026-384E-45E6-B590-038262425854}.Debug|x64.Build.0 = Debug|x64
		{5B258026-384E-45E6-B590-038262425854}.Debug|x86.ActiveCfg = Debug|Win32
		{5B258026-384E-45E6-B590-038262425854}.Debug|x86.Build.0 = Debug|Win32
		{5B258026-384E-45E6-B590-038262425854}.Release|x64.ActiveCfg = Release|x64
		{5B258026-384E-45E6-B590-038262425854}.Release|x64.Build.0 = Release|x64
		{5B258026-384E-45E6-B590-038262425854}.Release|x86.ActiveCfg = Release|Win32
		{5B258026-384E-45E6-B590-038262425854}.Release|x86.Build.0 = Release|Win32
		{EE51B19E-1869-460A-A6C8-A7F14DF5F5F4}.Debug|x64.ActiveCfg = Debug|x64
		{EE51B19E-1869-460A-A6C8-A7F14DF5F5F4}.Debug|x64.Build.0 = Debug|x64
		{EE51B19E-1869-460A-A6C8-A7F14DF5F5F4}.Debug|x86.ActiveCfg = Debug|Win32
		{EE51B19E-1869-460A-A6C8-A7F14DF5F5F4}.Debug|x86.Build.0 = Debug|Win32
		{EE51B19E-1869-460A-A6C8-A7F14DF5F5F4}.Release|x64.ActiveCfg = Release|x64
		{EE51B19E-1869-460A-A6C8-A7F14DF5F5F4}.Release|x64.Build.0 = Release|x64
		{EE51B19E-1869-460A-A6C8-A7F14DF5F5F4}.Release|x86.ActiveCfg = Release|Win32
		{EE51B19E-1869-460A-A6C8-A7F14DF5F5F4}.Release|x86.Build.0 = Release|Win32
		{409AB65C-8A32-4C1C-BCFB-F7C35097F1DC}.Debug|x64.ActiveCfg = Debug|x64
		{409AB65C-8A32-4C1C-BCFB-F7C35097F1DC}.Debug|x64.Build.0 = Debug|x64
		{409AB65C-8A32-4C1C-BCFB-F7C35097F1DC}.Debug|x86.ActiveCfg = Debug|Win32
		{409AB65C-8A32-4C1C-BCFB-F7C35097F1DC}.Debug|x86.Build.0 = Debug|Win32
		{409AB65C-8A32-4C1C-BCFB-F7C35097F1DC}.Release|x64.ActiveCfg = Release|x64
		{409AB65C-8A32-4C1C-BCFB-F7C35097F1DC}.Release|x64.Build.0 = Release|x64
		{409AB65C-8A32-4C1C-BCFB-F7C35097F1DC}.Release|x86.ActiveCfg = Release|Win32
		{409AB65C-8A32-4C1C-BCFB-F7C35097F1DC}.Release|x86.Build.0 = Release|Win32
		{0BEB52C1-EC99-46C2-9876-C0E185C2DD24}.Debug|x64.ActiveCfg = Debug|x64
		{0BEB52C1-EC99-46C2-9876-C0E185C2DD24}.Debug|x64.Build.0 = Debug|x64
		{0BEB52C1-EC99-46C2-9876-C0E185C2DD24}.Debug|x86.ActiveCfg = Debug|Win32
		{0BEB52C1-EC99-46C2-9876-C0E185C2DD24}.Debug|x86.Build.0 = Debug|Win32
		{0BEB52C1-EC99-46C2-9876-C0E185C2DD24}.Release|x64.ActiveCfg = Release|x64
		{0BEB52C1-EC99-46C2-9876-C0E185C2DD24}.Release|x64.Build.0 = Release|x64
		{0BEB52C1-EC99-46C2-9876-C0E185C2DD24}.Release|x86.ActiveCfg = Release|Win32
		{0BEB52C1-EC99-46C2-9876-C0E185C2DD24}.Release|x86.Build.0 = Release|Win32
		{03078A4B-2282-4DD2-A16E-9CCCC6B19FDE}.Debug|x64.ActiveCfg = Debug|x64
		{03078A4B-2282-4DD2-A16E-9CCCC6B19FDE}.Debug|x64.Build.0 = Debug|x64
		{03078A4B-2282-4DD2-A16E-9CCCC6B19FDE}.Debug|x86.ActiveCfg = Debug|Win32
		{03078A4B-2282-4DD2-A16E-9CCCC6B19FDE}.Debug|x86.Build.0 = Debug|Win32
		{03078A4B-2282-4DD2-A16E-9CCCC6B19FDE}.Release|x64.ActiveCfg = Release|x64
		{03078A4B-2282-4DD2-A16E-9CCCC6B19FDE}.Release|x64.Build.0 = Release|x64
		{03078A4B-2282-4DD2-A16E-9CCCC6B19FDE}.Release|x86.ActiveCfg = Release|Win32
		{03078A4B-2282-4DD2-A16E-9CCCC6B19FDE}.Release|x86.Build.0 = Release|Win32
		{E40DD6C9-57D0-48A0-B873-C4E77B7A66A7}.Debug|x64.ActiveCfg = Debug|x64
		{E40DD6C9-57D0-48A0-B873-C4E77B7A66A7}.Debug|x64.Build.0 = Debug|x64
		{E40DD6C9-57D0-48A0-B873-C4E77B7A66A7}.Debug|x86.ActiveCfg = Debug|Win32
		{E40DD6C9-57D0-48A0-B873-C4E77B7A66A7}.Debug|x86.Build.0 = Debug|Win32
		{E40DD6C9-57D0-48A0-B873-C4E77B7A66A7}.Release|x64.ActiveCfg = Release|x64
		{E40DD6C9-57D0-48A0-B873-C4E77B7A66A7}.Release|x64.Build.0 = Release|x64
		{E40DD6C9-57D0-48A0-B873-C4E77B7A66A7}.Release|x86.ActiveCfg = Release|Win32
		{E40DD6C9-57D0-48A0-B873-C4E77B7A66A7}.Release|x86.Build.0 = Release|Win32
		{4517A30A-BB97-49F6-B75B-C4AD15F65AF1}.Debug|x64.ActiveCfg = Debug|x64
		{4517A30A-BB97-49F6-B75B-C4AD15F65AF1}.Debug|x64.Build.0 = Debug|x64
		{4517A30A-BB97-49F6-B75B-C4AD15F65AF1}.Debug|x86.ActiveCfg = Debug|Win32
		{4517A30A-BB97-49F6-B75B-C4AD15F65AF1}.Debug|x86.Build.0 = Debug|Win32
		{4517A30A-BB97-49F6-B75B-C4AD15F65AF1}.Release|x64.ActiveCfg = Release|x64
		{4517A30A-BB97-49F6-B75B-C4AD15F65AF1}.Release|x64.Build.0 = Release|x64
		{4517A30A-BB97-49F6-B75B-C4AD15F65AF1}.Release|x86.ActiveCfg = Release|Win32
		{4517A30A-BB97-49F6-B75B-C4AD15F65AF1}.Release|x86.Build.0 = Release|Win32
		{F935AB25-9789-4B6C-8C59-0AD85B10F5F6}.Debug|x64.ActiveCfg = Debug|x64
		{F935AB25-9789-4B6C-8C59-0AD85B10F5F6}.Debug|x64.Build.0 = Debug|x64
		{F935AB25-9789-4B6C-8C59-0AD85B10F5F6}.Debug|x86.ActiveCfg = Debug|Win32
		{F935AB25-9789-4B6C-8C59-0AD85B10F5F6}.Debug|x86.Build.0 = Debug|Win32
		{F935AB25-9789-4B6C-8C59-0AD85B10F5F6}.Release|x64.ActiveCfg = Release|x64
		{F935AB25-9789-4B6C-8C59-0AD85B10F5F6}.Release|x64.Build.0 = Release|x64
		{F935AB25-9789-4B6C-8C59-0AD85B10F5F6}.Release|x86.ActiveCfg = Release|Win32
		{F935AB25-9789-4B6C-8C59-0AD85B10F5F6}.Release|x86.Build.0 = Release|Win32
		{2F88263C-03E7-4C28-BDDB-483446F4F46D}.Debug|x64.ActiveCfg = Debug|x64
		{2F88263C-03E7-4C28-BDDB-483446F4F46D}.Debug|x64.Build.0 = Debug|x64
		{2F88263C-03E7-4C28-BDDB-483446F4F46D}.Debug|x86.ActiveCfg = Debug|Win32
		{2F88263C-03E7-4C28-BDDB-483446F4F46D}.Debug|x86.Build.0 = Debug|Win32
		{2F88263C-03E7-4C28-BDDB-483446F4F46D}.Release|x64.ActiveCfg = Release|x64
		{2F88263C-03E7-4C28-BDDB-483446F4F46D}.Release|x64.Build.0 = Release|x64
		{2F88263C-03E7-4C28-BDDB-483446F4F46D}.Release|x86.ActiveCfg = Release|Win32
		{2F88263C-03E7-4C28-BDDB-483446F4F46D}.Release|x86.Build.0 = Release|Win32
		{31C573DA-E8F3-45DB-961C-7F4AD99E65E7}.Debug|x64.ActiveCfg = Debug|x64
		{31C573DA-E8F3-45DB-961C-7F4AD99E65E7}.Debug|x64.Build.0 = Debug|x64
		{31C573DA-E8F3-45DB-961C-7F4AD99E65E7}.Debug|x86.ActiveCfg = Debug|Win32
		{31C573DA-E8F3-45DB-961C-7F4AD99E65E7}.Debug|x86.Build.0 = Debug|Win32
		{31C573DA-E8F3-45DB-961C-7F4AD99E65E7}.Release|x64.ActiveCfg = Release|x64
		{31C573DA-E8F3-45DB-961C-7F4AD99E65E7}.Release|x64.Build.0 = Release|x64
		{31C573DA-E8F3-45DB-961C-7F4AD99E65E7}.Release|x86.ActiveCfg = Release|Win32
		{31C573DA-E8F3-45DB-961C-7F4AD99E65E7}.Release|x86.Build.0 = Release|Win32
	EndGlobalSection
	GlobalSection(SolutionProperties) = preSolution
		HideSolutionNode = FALSE
	EndGlobalSection
	GlobalSection(ExtensibilityGlobals) = postSolution
		SolutionGuid = {8EAC26CF-D783-4E0C-A664-4D2F9C54342C}
	EndGlobalSection
EndGlobal
